// !$*UTF8*$!
{
	archiveVersion = 1;
	classes = {
	};
	objectVersion = 56;
	objects = {

/* Begin PBXBuildFile section */
		657706802C18E2780045FA7A /* HackathonApp.swift in Sources */ = {isa = PBXBuildFile; fileRef = 6577067F2C18E2780045FA7A /* HackathonApp.swift */; };
		657706822C18E2780045FA7A /* ContentView.swift in Sources */ = {isa = PBXBuildFile; fileRef = 657706812C18E2780045FA7A /* ContentView.swift */; };
		657706842C18E27B0045FA7A /* Assets.xcassets in Resources */ = {isa = PBXBuildFile; fileRef = 657706832C18E27B0045FA7A /* Assets.xcassets */; };
		657706872C18E27B0045FA7A /* Preview Assets.xcassets in Resources */ = {isa = PBXBuildFile; fileRef = 657706862C18E27B0045FA7A /* Preview Assets.xcassets */; };
		6577068F2C19382C0045FA7A /* KalenderView.swift in Sources */ = {isa = PBXBuildFile; fileRef = 6577068E2C19382C0045FA7A /* KalenderView.swift */; };
		657706922C1938520045FA7A /* MainTabView.swift in Sources */ = {isa = PBXBuildFile; fileRef = 657706912C1938520045FA7A /* MainTabView.swift */; };
		657706942C1938760045FA7A /* Navigation.swift in Sources */ = {isa = PBXBuildFile; fileRef = 657706932C1938760045FA7A /* Navigation.swift */; };
		657706962C1938A70045FA7A /* KalenderViewModel.swift in Sources */ = {isa = PBXBuildFile; fileRef = 657706952C1938A70045FA7A /* KalenderViewModel.swift */; };
		6577069B2C19393E0045FA7A /* ProfilView.swift in Sources */ = {isa = PBXBuildFile; fileRef = 6577069A2C19393E0045FA7A /* ProfilView.swift */; };
		6577069D2C1939530045FA7A /* LeistungView.swift in Sources */ = {isa = PBXBuildFile; fileRef = 6577069C2C1939530045FA7A /* LeistungView.swift */; };
		6577069F2C1939730045FA7A /* VerwaltungView.swift in Sources */ = {isa = PBXBuildFile; fileRef = 6577069E2C1939730045FA7A /* VerwaltungView.swift */; };
		657706A32C193F3D0045FA7A /* ScheduleDetailView.swift in Sources */ = {isa = PBXBuildFile; fileRef = 657706A22C193F3D0045FA7A /* ScheduleDetailView.swift */; };
		657706A62C1943610045FA7A /* MündlicheView.swift in Sources */ = {isa = PBXBuildFile; fileRef = 657706A52C1943610045FA7A /* MündlicheView.swift */; };
		657706A92C1946850045FA7A /* StudentDetailView.swift in Sources */ = {isa = PBXBuildFile; fileRef = 657706A82C1946850045FA7A /* StudentDetailView.swift */; };
/* End PBXBuildFile section */

/* Begin PBXFileReference section */
		6577067C2C18E2780045FA7A /* Hackathon.app */ = {isa = PBXFileReference; explicitFileType = wrapper.application; includeInIndex = 0; path = Hackathon.app; sourceTree = BUILT_PRODUCTS_DIR; };
		6577067F2C18E2780045FA7A /* HackathonApp.swift */ = {isa = PBXFileReference; lastKnownFileType = sourcecode.swift; path = HackathonApp.swift; sourceTree = "<group>"; };
		657706812C18E2780045FA7A /* ContentView.swift */ = {isa = PBXFileReference; lastKnownFileType = sourcecode.swift; path = ContentView.swift; sourceTree = "<group>"; };
		657706832C18E27B0045FA7A /* Assets.xcassets */ = {isa = PBXFileReference; lastKnownFileType = folder.assetcatalog; path = Assets.xcassets; sourceTree = "<group>"; };
		657706862C18E27B0045FA7A /* Preview Assets.xcassets */ = {isa = PBXFileReference; lastKnownFileType = folder.assetcatalog; path = "Preview Assets.xcassets"; sourceTree = "<group>"; };
		6577068E2C19382C0045FA7A /* KalenderView.swift */ = {isa = PBXFileReference; lastKnownFileType = sourcecode.swift; path = KalenderView.swift; sourceTree = "<group>"; };
		657706912C1938520045FA7A /* MainTabView.swift */ = {isa = PBXFileReference; lastKnownFileType = sourcecode.swift; path = MainTabView.swift; sourceTree = "<group>"; };
		657706932C1938760045FA7A /* Navigation.swift */ = {isa = PBXFileReference; lastKnownFileType = sourcecode.swift; path = Navigation.swift; sourceTree = "<group>"; };
		657706952C1938A70045FA7A /* KalenderViewModel.swift */ = {isa = PBXFileReference; lastKnownFileType = sourcecode.swift; path = KalenderViewModel.swift; sourceTree = "<group>"; };
		6577069A2C19393E0045FA7A /* ProfilView.swift */ = {isa = PBXFileReference; lastKnownFileType = sourcecode.swift; path = ProfilView.swift; sourceTree = "<group>"; };
		6577069C2C1939530045FA7A /* LeistungView.swift */ = {isa = PBXFileReference; fileEncoding = 4; lastKnownFileType = sourcecode.swift; path = LeistungView.swift; sourceTree = "<group>"; };
		6577069E2C1939730045FA7A /* VerwaltungView.swift */ = {isa = PBXFileReference; fileEncoding = 4; lastKnownFileType = sourcecode.swift; path = VerwaltungView.swift; sourceTree = "<group>"; };
		657706A22C193F3D0045FA7A /* ScheduleDetailView.swift */ = {isa = PBXFileReference; lastKnownFileType = sourcecode.swift; path = ScheduleDetailView.swift; sourceTree = "<group>"; };
		657706A52C1943610045FA7A /* MündlicheView.swift */ = {isa = PBXFileReference; lastKnownFileType = sourcecode.swift; path = "MündlicheView.swift"; sourceTree = "<group>"; };
		657706A82C1946850045FA7A /* StudentDetailView.swift */ = {isa = PBXFileReference; lastKnownFileType = sourcecode.swift; path = StudentDetailView.swift; sourceTree = "<group>"; };
/* End PBXFileReference section */

/* Begin PBXFrameworksBuildPhase section */
		657706792C18E2780045FA7A /* Frameworks */ = {
			isa = PBXFrameworksBuildPhase;
			buildActionMask = 2147483647;
			files = (
			);
			runOnlyForDeploymentPostprocessing = 0;
		};
/* End PBXFrameworksBuildPhase section */

/* Begin PBXGroup section */
		657706732C18E2780045FA7A = {
			isa = PBXGroup;
			children = (
				6577067E2C18E2780045FA7A /* Hackathon */,
				6577067D2C18E2780045FA7A /* Products */,
			);
			sourceTree = "<group>";
		};
		6577067D2C18E2780045FA7A /* Products */ = {
			isa = PBXGroup;
			children = (
				6577067C2C18E2780045FA7A /* Hackathon.app */,
			);
			name = Products;
			sourceTree = "<group>";
		};
		6577067E2C18E2780045FA7A /* Hackathon */ = {
			isa = PBXGroup;
			children = (
				657706932C1938760045FA7A /* Navigation.swift */,
				657706902C19382F0045FA7A /* Tab */,
				6577067F2C18E2780045FA7A /* HackathonApp.swift */,
				657706812C18E2780045FA7A /* ContentView.swift */,
				657706832C18E27B0045FA7A /* Assets.xcassets */,
				657706852C18E27B0045FA7A /* Preview Content */,
			);
			path = Hackathon;
			sourceTree = "<group>";
		};
		657706852C18E27B0045FA7A /* Preview Content */ = {
			isa = PBXGroup;
			children = (
				657706862C18E27B0045FA7A /* Preview Assets.xcassets */,
			);
			path = "Preview Content";
			sourceTree = "<group>";
		};
		6577068D2C19380A0045FA7A /* Kalendar */ = {
			isa = PBXGroup;
			children = (
				657706A72C1946750045FA7A /* StudentDetail */,
				657706A42C1943530045FA7A /* Mündliche */,
				657706A12C193F270045FA7A /* ScheduleDetail */,
				657706A02C193F190045FA7A /* Schedule */,
			);
			path = Kalendar;
			sourceTree = "<group>";
		};
		657706902C19382F0045FA7A /* Tab */ = {
			isa = PBXGroup;
			children = (
				657706992C1939300045FA7A /* Profil */,
				657706982C1939270045FA7A /* Verwaltung */,
				657706972C19390B0045FA7A /* Leistung */,
				6577068D2C19380A0045FA7A /* Kalendar */,
				657706912C1938520045FA7A /* MainTabView.swift */,
			);
			path = Tab;
			sourceTree = "<group>";
		};
		657706972C19390B0045FA7A /* Leistung */ = {
			isa = PBXGroup;
			children = (
				6577069C2C1939530045FA7A /* LeistungView.swift */,
			);
			path = Leistung;
			sourceTree = "<group>";
		};
		657706982C1939270045FA7A /* Verwaltung */ = {
			isa = PBXGroup;
			children = (
				6577069E2C1939730045FA7A /* VerwaltungView.swift */,
			);
			path = Verwaltung;
			sourceTree = "<group>";
		};
		657706992C1939300045FA7A /* Profil */ = {
			isa = PBXGroup;
			children = (
				6577069A2C19393E0045FA7A /* ProfilView.swift */,
			);
			path = Profil;
			sourceTree = "<group>";
		};
		657706A02C193F190045FA7A /* Schedule */ = {
			isa = PBXGroup;
			children = (
				657706952C1938A70045FA7A /* KalenderViewModel.swift */,
				6577068E2C19382C0045FA7A /* KalenderView.swift */,
			);
			path = Schedule;
			sourceTree = "<group>";
		};
		657706A12C193F270045FA7A /* ScheduleDetail */ = {
			isa = PBXGroup;
			children = (
				657706A22C193F3D0045FA7A /* ScheduleDetailView.swift */,
			);
			path = ScheduleDetail;
			sourceTree = "<group>";
		};
		657706A42C1943530045FA7A /* Mündliche */ = {
			isa = PBXGroup;
			children = (
				657706A52C1943610045FA7A /* MündlicheView.swift */,
			);
			name = "Mündliche";
			path = "Mündliche";
			sourceTree = "<group>";
		};
		657706A72C1946750045FA7A /* StudentDetail */ = {
			isa = PBXGroup;
			children = (
				657706A82C1946850045FA7A /* StudentDetailView.swift */,
			);
			path = StudentDetail;
			sourceTree = "<group>";
		};
/* End PBXGroup section */

/* Begin PBXNativeTarget section */
		6577067B2C18E2780045FA7A /* Hackathon */ = {
			isa = PBXNativeTarget;
			buildConfigurationList = 6577068A2C18E27B0045FA7A /* Build configuration list for PBXNativeTarget "Hackathon" */;
			buildPhases = (
				657706782C18E2780045FA7A /* Sources */,
				657706792C18E2780045FA7A /* Frameworks */,
				6577067A2C18E2780045FA7A /* Resources */,
			);
			buildRules = (
			);
			dependencies = (
			);
			name = Hackathon;
			productName = Hackathon;
			productReference = 6577067C2C18E2780045FA7A /* Hackathon.app */;
			productType = "com.apple.product-type.application";
		};
/* End PBXNativeTarget section */

/* Begin PBXProject section */
		657706742C18E2780045FA7A /* Project object */ = {
			isa = PBXProject;
			attributes = {
				BuildIndependentTargetsInParallel = 1;
				LastSwiftUpdateCheck = 1530;
				LastUpgradeCheck = 1530;
				TargetAttributes = {
					6577067B2C18E2780045FA7A = {
						CreatedOnToolsVersion = 15.3;
					};
				};
			};
			buildConfigurationList = 657706772C18E2780045FA7A /* Build configuration list for PBXProject "Hackathon" */;
			compatibilityVersion = "Xcode 14.0";
			developmentRegion = en;
			hasScannedForEncodings = 0;
			knownRegions = (
				en,
				Base,
			);
			mainGroup = 657706732C18E2780045FA7A;
			productRefGroup = 6577067D2C18E2780045FA7A /* Products */;
			projectDirPath = "";
			projectRoot = "";
			targets = (
				6577067B2C18E2780045FA7A /* Hackathon */,
			);
		};
/* End PBXProject section */

/* Begin PBXResourcesBuildPhase section */
		6577067A2C18E2780045FA7A /* Resources */ = {
			isa = PBXResourcesBuildPhase;
			buildActionMask = 2147483647;
			files = (
				657706872C18E27B0045FA7A /* Preview Assets.xcassets in Resources */,
				657706842C18E27B0045FA7A /* Assets.xcassets in Resources */,
			);
			runOnlyForDeploymentPostprocessing = 0;
		};
/* End PBXResourcesBuildPhase section */

/* Begin PBXSourcesBuildPhase section */
		657706782C18E2780045FA7A /* Sources */ = {
			isa = PBXSourcesBuildPhase;
			buildActionMask = 2147483647;
			files = (
				657706A62C1943610045FA7A /* MündlicheView.swift in Sources */,
				657706962C1938A70045FA7A /* KalenderViewModel.swift in Sources */,
				6577069B2C19393E0045FA7A /* ProfilView.swift in Sources */,
				6577069F2C1939730045FA7A /* VerwaltungView.swift in Sources */,
				6577068F2C19382C0045FA7A /* KalenderView.swift in Sources */,
				6577069D2C1939530045FA7A /* LeistungView.swift in Sources */,
				657706822C18E2780045FA7A /* ContentView.swift in Sources */,
				657706A32C193F3D0045FA7A /* ScheduleDetailView.swift in Sources */,
				657706A92C1946850045FA7A /* StudentDetailView.swift in Sources */,
				657706942C1938760045FA7A /* Navigation.swift in Sources */,
				657706802C18E2780045FA7A /* HackathonApp.swift in Sources */,
				657706922C1938520045FA7A /* MainTabView.swift in Sources */,
			);
			runOnlyForDeploymentPostprocessing = 0;
		};
/* End PBXSourcesBuildPhase section */

/* Begin XCBuildConfiguration section */
		657706882C18E27B0045FA7A /* Debug */ = {
			isa = XCBuildConfiguration;
			buildSettings = {
				ALWAYS_SEARCH_USER_PATHS = NO;
				ASSETCATALOG_COMPILER_GENERATE_SWIFT_ASSET_SYMBOL_EXTENSIONS = YES;
				CLANG_ANALYZER_NONNULL = YES;
				CLANG_ANALYZER_NUMBER_OBJECT_CONVERSION = YES_AGGRESSIVE;
				CLANG_CXX_LANGUAGE_STANDARD = "gnu++20";
				CLANG_ENABLE_MODULES = YES;
				CLANG_ENABLE_OBJC_ARC = YES;
				CLANG_ENABLE_OBJC_WEAK = YES;
				CLANG_WARN_BLOCK_CAPTURE_AUTORELEASING = YES;
				CLANG_WARN_BOOL_CONVERSION = YES;
				CLANG_WARN_COMMA = YES;
				CLANG_WARN_CONSTANT_CONVERSION = YES;
				CLANG_WARN_DEPRECATED_OBJC_IMPLEMENTATIONS = YES;
				CLANG_WARN_DIRECT_OBJC_ISA_USAGE = YES_ERROR;
				CLANG_WARN_DOCUMENTATION_COMMENTS = YES;
				CLANG_WARN_EMPTY_BODY = YES;
				CLANG_WARN_ENUM_CONVERSION = YES;
				CLANG_WARN_INFINITE_RECURSION = YES;
				CLANG_WARN_INT_CONVERSION = YES;
				CLANG_WARN_NON_LITERAL_NULL_CONVERSION = YES;
				CLANG_WARN_OBJC_IMPLICIT_RETAIN_SELF = YES;
				CLANG_WARN_OBJC_LITERAL_CONVERSION = YES;
				CLANG_WARN_OBJC_ROOT_CLASS = YES_ERROR;
				CLANG_WARN_QUOTED_INCLUDE_IN_FRAMEWORK_HEADER = YES;
				CLANG_WARN_RANGE_LOOP_ANALYSIS = YES;
				CLANG_WARN_STRICT_PROTOTYPES = YES;
				CLANG_WARN_SUSPICIOUS_MOVE = YES;
				CLANG_WARN_UNGUARDED_AVAILABILITY = YES_AGGRESSIVE;
				CLANG_WARN_UNREACHABLE_CODE = YES;
				CLANG_WARN__DUPLICATE_METHOD_MATCH = YES;
				COPY_PHASE_STRIP = NO;
				DEBUG_INFORMATION_FORMAT = dwarf;
				ENABLE_STRICT_OBJC_MSGSEND = YES;
				ENABLE_TESTABILITY = YES;
				ENABLE_USER_SCRIPT_SANDBOXING = YES;
				GCC_C_LANGUAGE_STANDARD = gnu17;
				GCC_DYNAMIC_NO_PIC = NO;
				GCC_NO_COMMON_BLOCKS = YES;
				GCC_OPTIMIZATION_LEVEL = 0;
				GCC_PREPROCESSOR_DEFINITIONS = (
					"DEBUG=1",
					"$(inherited)",
				);
				GCC_WARN_64_TO_32_BIT_CONVERSION = YES;
				GCC_WARN_ABOUT_RETURN_TYPE = YES_ERROR;
				GCC_WARN_UNDECLARED_SELECTOR = YES;
				GCC_WARN_UNINITIALIZED_AUTOS = YES_AGGRESSIVE;
				GCC_WARN_UNUSED_FUNCTION = YES;
				GCC_WARN_UNUSED_VARIABLE = YES;
				IPHONEOS_DEPLOYMENT_TARGET = 17.4;
				LOCALIZATION_PREFERS_STRING_CATALOGS = YES;
				MTL_ENABLE_DEBUG_INFO = INCLUDE_SOURCE;
				MTL_FAST_MATH = YES;
				ONLY_ACTIVE_ARCH = YES;
				SDKROOT = iphoneos;
				SWIFT_ACTIVE_COMPILATION_CONDITIONS = "DEBUG $(inherited)";
				SWIFT_OPTIMIZATION_LEVEL = "-Onone";
			};
			name = Debug;
		};
		657706892C18E27B0045FA7A /* Release */ = {
			isa = XCBuildConfiguration;
			buildSettings = {
				ALWAYS_SEARCH_USER_PATHS = NO;
				ASSETCATALOG_COMPILER_GENERATE_SWIFT_ASSET_SYMBOL_EXTENSIONS = YES;
				CLANG_ANALYZER_NONNULL = YES;
				CLANG_ANALYZER_NUMBER_OBJECT_CONVERSION = YES_AGGRESSIVE;
				CLANG_CXX_LANGUAGE_STANDARD = "gnu++20";
				CLANG_ENABLE_MODULES = YES;
				CLANG_ENABLE_OBJC_ARC = YES;
				CLANG_ENABLE_OBJC_WEAK = YES;
				CLANG_WARN_BLOCK_CAPTURE_AUTORELEASING = YES;
				CLANG_WARN_BOOL_CONVERSION = YES;
				CLANG_WARN_COMMA = YES;
				CLANG_WARN_CONSTANT_CONVERSION = YES;
				CLANG_WARN_DEPRECATED_OBJC_IMPLEMENTATIONS = YES;
				CLANG_WARN_DIRECT_OBJC_ISA_USAGE = YES_ERROR;
				CLANG_WARN_DOCUMENTATION_COMMENTS = YES;
				CLANG_WARN_EMPTY_BODY = YES;
				CLANG_WARN_ENUM_CONVERSION = YES;
				CLANG_WARN_INFINITE_RECURSION = YES;
				CLANG_WARN_INT_CONVERSION = YES;
				CLANG_WARN_NON_LITERAL_NULL_CONVERSION = YES;
				CLANG_WARN_OBJC_IMPLICIT_RETAIN_SELF = YES;
				CLANG_WARN_OBJC_LITERAL_CONVERSION = YES;
				CLANG_WARN_OBJC_ROOT_CLASS = YES_ERROR;
				CLANG_WARN_QUOTED_INCLUDE_IN_FRAMEWORK_HEADER = YES;
				CLANG_WARN_RANGE_LOOP_ANALYSIS = YES;
				CLANG_WARN_STRICT_PROTOTYPES = YES;
				CLANG_WARN_SUSPICIOUS_MOVE = YES;
				CLANG_WARN_UNGUARDED_AVAILABILITY = YES_AGGRESSIVE;
				CLANG_WARN_UNREACHABLE_CODE = YES;
				CLANG_WARN__DUPLICATE_METHOD_MATCH = YES;
				COPY_PHASE_STRIP = NO;
				DEBUG_INFORMATION_FORMAT = "dwarf-with-dsym";
				ENABLE_NS_ASSERTIONS = NO;
				ENABLE_STRICT_OBJC_MSGSEND = YES;
				ENABLE_USER_SCRIPT_SANDBOXING = YES;
				GCC_C_LANGUAGE_STANDARD = gnu17;
				GCC_NO_COMMON_BLOCKS = YES;
				GCC_WARN_64_TO_32_BIT_CONVERSION = YES;
				GCC_WARN_ABOUT_RETURN_TYPE = YES_ERROR;
				GCC_WARN_UNDECLARED_SELECTOR = YES;
				GCC_WARN_UNINITIALIZED_AUTOS = YES_AGGRESSIVE;
				GCC_WARN_UNUSED_FUNCTION = YES;
				GCC_WARN_UNUSED_VARIABLE = YES;
				IPHONEOS_DEPLOYMENT_TARGET = 17.4;
				LOCALIZATION_PREFERS_STRING_CATALOGS = YES;
				MTL_ENABLE_DEBUG_INFO = NO;
				MTL_FAST_MATH = YES;
				SDKROOT = iphoneos;
				SWIFT_COMPILATION_MODE = wholemodule;
				VALIDATE_PRODUCT = YES;
			};
			name = Release;
		};
		6577068B2C18E27B0045FA7A /* Debug */ = {
			isa = XCBuildConfiguration;
			buildSettings = {
				ASSETCATALOG_COMPILER_APPICON_NAME = AppIcon;
				ASSETCATALOG_COMPILER_GLOBAL_ACCENT_COLOR_NAME = AccentColor;
				CODE_SIGN_STYLE = Automatic;
				CURRENT_PROJECT_VERSION = 1;
				DEVELOPMENT_ASSET_PATHS = "\"Hackathon/Preview Content\"";
				DEVELOPMENT_TEAM = ADTR2923N7;
				ENABLE_PREVIEWS = YES;
				GENERATE_INFOPLIST_FILE = YES;
				INFOPLIST_KEY_UIApplicationSceneManifest_Generation = YES;
				INFOPLIST_KEY_UIApplicationSupportsIndirectInputEvents = YES;
				INFOPLIST_KEY_UILaunchScreen_Generation = YES;
				INFOPLIST_KEY_UISupportedInterfaceOrientations_iPad = "UIInterfaceOrientationPortrait UIInterfaceOrientationPortraitUpsideDown UIInterfaceOrientationLandscapeLeft UIInterfaceOrientationLandscapeRight";
				INFOPLIST_KEY_UISupportedInterfaceOrientations_iPhone = "UIInterfaceOrientationPortrait UIInterfaceOrientationLandscapeLeft UIInterfaceOrientationLandscapeRight";
				LD_RUNPATH_SEARCH_PATHS = (
					"$(inherited)",
					"@executable_path/Frameworks",
				);
				MARKETING_VERSION = 1.0;
				PRODUCT_BUNDLE_IDENTIFIER = abdul.Hackathon;
				PRODUCT_NAME = "$(TARGET_NAME)";
				SWIFT_EMIT_LOC_STRINGS = YES;
				SWIFT_VERSION = 5.0;
				TARGETED_DEVICE_FAMILY = "1,2";
			};
			name = Debug;
		};
		6577068C2C18E27B0045FA7A /* Release */ = {
			isa = XCBuildConfiguration;
			buildSettings = {
				ASSETCATALOG_COMPILER_APPICON_NAME = AppIcon;
				ASSETCATALOG_COMPILER_GLOBAL_ACCENT_COLOR_NAME = AccentColor;
				CODE_SIGN_STYLE = Automatic;
				CURRENT_PROJECT_VERSION = 1;
				DEVELOPMENT_ASSET_PATHS = "\"Hackathon/Preview Content\"";
				DEVELOPMENT_TEAM = ADTR2923N7;
				ENABLE_PREVIEWS = YES;
				GENERATE_INFOPLIST_FILE = YES;
				INFOPLIST_KEY_UIApplicationSceneManifest_Generation = YES;
				INFOPLIST_KEY_UIApplicationSupportsIndirectInputEvents = YES;
				INFOPLIST_KEY_UILaunchScreen_Generation = YES;
				INFOPLIST_KEY_UISupportedInterfaceOrientations_iPad = "UIInterfaceOrientationPortrait UIInterfaceOrientationPortraitUpsideDown UIInterfaceOrientationLandscapeLeft UIInterfaceOrientationLandscapeRight";
				INFOPLIST_KEY_UISupportedInterfaceOrientations_iPhone = "UIInterfaceOrientationPortrait UIInterfaceOrientationLandscapeLeft UIInterfaceOrientationLandscapeRight";
				LD_RUNPATH_SEARCH_PATHS = (
					"$(inherited)",
					"@executable_path/Frameworks",
				);
				MARKETING_VERSION = 1.0;
				PRODUCT_BUNDLE_IDENTIFIER = abdul.Hackathon;
				PRODUCT_NAME = "$(TARGET_NAME)";
				SWIFT_EMIT_LOC_STRINGS = YES;
				SWIFT_VERSION = 5.0;
				TARGETED_DEVICE_FAMILY = "1,2";
			};
			name = Release;
		};
/* End XCBuildConfiguration section */

/* Begin XCConfigurationList section */
		657706772C18E2780045FA7A /* Build configuration list for PBXProject "Hackathon" */ = {
			isa = XCConfigurationList;
			buildConfigurations = (
				657706882C18E27B0045FA7A /* Debug */,
				657706892C18E27B0045FA7A /* Release */,
			);
			defaultConfigurationIsVisible = 0;
			defaultConfigurationName = Release;
		};
		6577068A2C18E27B0045FA7A /* Build configuration list for PBXNativeTarget "Hackathon" */ = {
			isa = XCConfigurationList;
			buildConfigurations = (
				6577068B2C18E27B0045FA7A /* Debug */,
				6577068C2C18E27B0045FA7A /* Release */,
			);
			defaultConfigurationIsVisible = 0;
			defaultConfigurationName = Release;
		};
/* End XCConfigurationList section */
	};
	rootObject = 657706742C18E2780045FA7A /* Project object */;
}
